Microsoft Visual Studio Solution File, Format Version 11.00
# Visual Studio 2008

Project("{821D4DAA-CFDA-ED5E-3E81-95FC6DD213C7}") = "ar test", "Assembly-CSharp.csproj", "{4197B519-7739-BF0B-2805-468DDAF10458}"
EndProject
Project("{821D4DAA-CFDA-ED5E-3E81-95FC6DD213C7}") = "ar test", "Assembly-CSharp-Editor.csproj", "{BE5C45FF-89A9-4D43-297B-E378FCC21511}"
EndProject
Global
	GlobalSection(SolutionConfigurationPlatforms) = preSolution
		Debug|Any CPU = Debug|Any CPU
		Release|Any CPU = Release|Any CPU
	EndGlobalSection
	GlobalSection(ProjectConfigurationPlatforms) = postSolution
		{4197B519-7739-BF0B-2805-468DDAF10458}.Debug|Any CPU.ActiveCfg = Debug|Any CPU
		{4197B519-7739-BF0B-2805-468DDAF10458}.Debug|Any CPU.Build.0 = Debug|Any CPU
		{4197B519-7739-BF0B-2805-468DDAF10458}.Release|Any CPU.ActiveCfg = Release|Any CPU
		{4197B519-7739-BF0B-2805-468DDAF10458}.Release|Any CPU.Build.0 = Release|Any CPU
		{BE5C45FF-89A9-4D43-297B-E378FCC21511}.Debug|Any CPU.ActiveCfg = Debug|Any CPU
		{BE5C45FF-89A9-4D43-297B-E378FCC21511}.Debug|Any CPU.Build.0 = Debug|Any CPU
		{BE5C45FF-89A9-4D43-297B-E378FCC21511}.Release|Any CPU.ActiveCfg = Release|Any CPU
		{BE5C45FF-89A9-4D43-297B-E378FCC21511}.Release|Any CPU.Build.0 = Release|Any CPU
	EndGlobalSection
	GlobalSection(SolutionProperties) = preSolution
		HideSolutionNode = FALSE
	EndGlobalSection
	GlobalSection(MonoDevelopProperties) = preSolution
		StartupItem = Assembly-CSharp.csproj
	EndGlobalSection
EndGlobal
